
Microsoft Visual Studio Solution File, Format Version 12.00
# Visual Studio 15
VisualStudioVersion = 15.0.27703.2000
MinimumVisualStudioVersion = 10.0.40219.1
Project("{FAE04EC0-301F-11D3-BF4B-00C04F79EFBC}") = "Sales.Android", "Sales\Sales.Android\Sales.Android.csproj", "{E1C94047-AD96-4362-9650-C6FB95684402}"
EndProject
Project("{FAE04EC0-301F-11D3-BF4B-00C04F79EFBC}") = "Sales.iOS", "Sales\Sales.iOS\Sales.iOS.csproj", "{6584673D-9CE2-45EC-A930-411F8419EFD2}"
EndProject
Project("{9A19103F-16F7-4668-BE54-9A1E7A4F7556}") = "Sales", "Sales\Sales\Sales.csproj", "{F390E109-1B69-466C-AEC3-CBB7CDA3556A}"
EndProject
Project("{FAE04EC0-301F-11D3-BF4B-00C04F79EFBC}") = "Sales.Backend", "Sales.Backend\Sales.Backend.csproj", "{36163FB4-1281-47F8-9F56-4E9CE07CF500}"
EndProject
Project("{FAE04EC0-301F-11D3-BF4B-00C04F79EFBC}") = "Sales.Api", "Sales.Api\Sales.Api.csproj", "{DF0D4E81-F269-4F17-9DD8-0814EEF2DD9F}"
EndProject
Project("{FAE04EC0-301F-11D3-BF4B-00C04F79EFBC}") = "Sales.Domain", "Sales.Domain\Sales.Domain.csproj", "{884D4782-9858-4D87-B3C7-2B72065D3FA5}"
EndProject
Project("{FAE04EC0-301F-11D3-BF4B-00C04F79EFBC}") = "Sales.Common", "Sale.Common\Sales.Common.csproj", "{9711A14D-A5D5-4D9C-A239-76F4DEB15B80}"
EndProject
Global
	GlobalSection(SolutionConfigurationPlatforms) = preSolution
		Ad-Hoc|Any CPU = Ad-Hoc|Any CPU
		Ad-Hoc|ARM = Ad-Hoc|ARM
		Ad-Hoc|iPhone = Ad-Hoc|iPhone
		Ad-Hoc|iPhoneSimulator = Ad-Hoc|iPhoneSimulator
		Ad-Hoc|x64 = Ad-Hoc|x64
		Ad-Hoc|x86 = Ad-Hoc|x86
		AppStore|Any CPU = AppStore|Any CPU
		AppStore|ARM = AppStore|ARM
		AppStore|iPhone = AppStore|iPhone
		AppStore|iPhoneSimulator = AppStore|iPhoneSimulator
		AppStore|x64 = AppStore|x64
		AppStore|x86 = AppStore|x86
		Debug|Any CPU = Debug|Any CPU
		Debug|ARM = Debug|ARM
		Debug|iPhone = Debug|iPhone
		Debug|iPhoneSimulator = Debug|iPhoneSimulator
		Debug|x64 = Debug|x64
		Debug|x86 = Debug|x86
		Release|Any CPU = Release|Any CPU
		Release|ARM = Release|ARM
		Release|iPhone = Release|iPhone
		Release|iPhoneSimulator = Release|iPhoneSimulator
		Release|x64 = Release|x64
		Release|x86 = Release|x86
	EndGlobalSection
	GlobalSection(ProjectConfigurationPlatforms) = postSolution
		{E1C94047-AD96-4362-9650-C6FB95684402}.Ad-Hoc|Any CPU.ActiveCfg = Release|Any CPU
		{E1C94047-AD96-4362-9650-C6FB95684402}.Ad-Hoc|Any CPU.Build.0 = Release|Any CPU
		{E1C94047-AD96-4362-9650-C6FB95684402}.Ad-Hoc|Any CPU.Deploy.0 = Release|Any CPU
		{E1C94047-AD96-4362-9650-C6FB95684402}.Ad-Hoc|ARM.ActiveCfg = Release|Any CPU
		{E1C94047-AD96-4362-9650-C6FB95684402}.Ad-Hoc|ARM.Build.0 = Release|Any CPU
		{E1C94047-AD96-4362-9650-C6FB95684402}.Ad-Hoc|ARM.Deploy.0 = Release|Any CPU
		{E1C94047-AD96-4362-9650-C6FB95684402}.Ad-Hoc|iPhone.ActiveCfg = Release|Any CPU
		{E1C94047-AD96-4362-9650-C6FB95684402}.Ad-Hoc|iPhone.Build.0 = Release|Any CPU
		{E1C94047-AD96-4362-9650-C6FB95684402}.Ad-Hoc|iPhone.Deploy.0 = Release|Any CPU
		{E1C94047-AD96-4362-9650-C6FB95684402}.Ad-Hoc|iPhoneSimulator.ActiveCfg = Release|Any CPU
		{E1C94047-AD96-4362-9650-C6FB95684402}.Ad-Hoc|iPhoneSimulator.Build.0 = Release|Any CPU
		{E1C94047-AD96-4362-9650-C6FB95684402}.Ad-Hoc|iPhoneSimulator.Deploy.0 = Release|Any CPU
		{E1C94047-AD96-4362-9650-C6FB95684402}.Ad-Hoc|x64.ActiveCfg = Release|Any CPU
		{E1C94047-AD96-4362-9650-C6FB95684402}.Ad-Hoc|x64.Build.0 = Release|Any CPU
		{E1C94047-AD96-4362-9650-C6FB95684402}.Ad-Hoc|x64.Deploy.0 = Release|Any CPU
		{E1C94047-AD96-4362-9650-C6FB95684402}.Ad-Hoc|x86.ActiveCfg = Release|Any CPU
		{E1C94047-AD96-4362-9650-C6FB95684402}.Ad-Hoc|x86.Build.0 = Release|Any CPU
		{E1C94047-AD96-4362-9650-C6FB95684402}.Ad-Hoc|x86.Deploy.0 = Release|Any CPU
		{E1C94047-AD96-4362-9650-C6FB95684402}.AppStore|Any CPU.ActiveCfg = Release|Any CPU
		{E1C94047-AD96-4362-9650-C6FB95684402}.AppStore|Any CPU.Build.0 = Release|Any CPU
		{E1C94047-AD96-4362-9650-C6FB95684402}.AppStore|Any CPU.Deploy.0 = Release|Any CPU
		{E1C94047-AD96-4362-9650-C6FB95684402}.AppStore|ARM.ActiveCfg = Release|Any CPU
		{E1C94047-AD96-4362-9650-C6FB95684402}.AppStore|ARM.Build.0 = Release|Any CPU
		{E1C94047-AD96-4362-9650-C6FB95684402}.AppStore|ARM.Deploy.0 = Release|Any CPU
		{E1C94047-AD96-4362-9650-C6FB95684402}.AppStore|iPhone.ActiveCfg = Release|Any CPU
		{E1C94047-AD96-4362-9650-C6FB95684402}.AppStore|iPhone.Build.0 = Release|Any CPU
		{E1C94047-AD96-4362-9650-C6FB95684402}.AppStore|iPhone.Deploy.0 = Release|Any CPU
		{E1C94047-AD96-4362-9650-C6FB95684402}.AppStore|iPhoneSimulator.ActiveCfg = Release|Any CPU
		{E1C94047-AD96-4362-9650-C6FB95684402}.AppStore|iPhoneSimulator.Build.0 = Release|Any CPU
		{E1C94047-AD96-4362-9650-C6FB95684402}.AppStore|iPhoneSimulator.Deploy.0 = Release|Any CPU
		{E1C94047-AD96-4362-9650-C6FB95684402}.AppStore|x64.ActiveCfg = Release|Any CPU
		{E1C94047-AD96-4362-9650-C6FB95684402}.AppStore|x64.Build.0 = Release|Any CPU
		{E1C94047-AD96-4362-9650-C6FB95684402}.AppStore|x64.Deploy.0 = Release|Any CPU
		{E1C94047-AD96-4362-9650-C6FB95684402}.AppStore|x86.ActiveCfg = Release|Any CPU
		{E1C94047-AD96-4362-9650-C6FB95684402}.AppStore|x86.Build.0 = Release|Any CPU
		{E1C94047-AD96-4362-9650-C6FB95684402}.AppStore|x86.Deploy.0 = Release|Any CPU
		{E1C94047-AD96-4362-9650-C6FB95684402}.Debug|Any CPU.ActiveCfg = Debug|Any CPU
		{E1C94047-AD96-4362-9650-C6FB95684402}.Debug|Any CPU.Build.0 = Debug|Any CPU
		{E1C94047-AD96-4362-9650-C6FB95684402}.Debug|Any CPU.Deploy.0 = Debug|Any CPU
		{E1C94047-AD96-4362-9650-C6FB95684402}.Debug|ARM.ActiveCfg = Debug|Any CPU
		{E1C94047-AD96-4362-9650-C6FB95684402}.Debug|ARM.Build.0 = Debug|Any CPU
		{E1C94047-AD96-4362-9650-C6FB95684402}.Debug|ARM.Deploy.0 = Debug|Any CPU
		{E1C94047-AD96-4362-9650-C6FB95684402}.Debug|iPhone.ActiveCfg = Debug|Any CPU
		{E1C94047-AD96-4362-9650-C6FB95684402}.Debug|iPhone.Build.0 = Debug|Any CPU
		{E1C94047-AD96-4362-9650-C6FB95684402}.Debug|iPhone.Deploy.0 = Debug|Any CPU
		{E1C94047-AD96-4362-9650-C6FB95684402}.Debug|iPhoneSimulator.ActiveCfg = Debug|Any CPU
		{E1C94047-AD96-4362-9650-C6FB95684402}.Debug|iPhoneSimulator.Build.0 = Debug|Any CPU
		{E1C94047-AD96-4362-9650-C6FB95684402}.Debug|iPhoneSimulator.Deploy.0 = Debug|Any CPU
		{E1C94047-AD96-4362-9650-C6FB95684402}.Debug|x64.ActiveCfg = Debug|Any CPU
		{E1C94047-AD96-4362-9650-C6FB95684402}.Debug|x64.Build.0 = Debug|Any CPU
		{E1C94047-AD96-4362-9650-C6FB95684402}.Debug|x64.Deploy.0 = Debug|Any CPU
		{E1C94047-AD96-4362-9650-C6FB95684402}.Debug|x86.ActiveCfg = Debug|Any CPU
		{E1C94047-AD96-4362-9650-C6FB95684402}.Debug|x86.Build.0 = Debug|Any CPU
		{E1C94047-AD96-4362-9650-C6FB95684402}.Debug|x86.Deploy.0 = Debug|Any CPU
		{E1C94047-AD96-4362-9650-C6FB95684402}.Release|Any CPU.ActiveCfg = Release|Any CPU
		{E1C94047-AD96-4362-9650-C6FB95684402}.Release|Any CPU.Build.0 = Release|Any CPU
		{E1C94047-AD96-4362-9650-C6FB95684402}.Release|Any CPU.Deploy.0 = Release|Any CPU
		{E1C94047-AD96-4362-9650-C6FB95684402}.Release|ARM.ActiveCfg = Release|Any CPU
		{E1C94047-AD96-4362-9650-C6FB95684402}.Release|ARM.Build.0 = Release|Any CPU
		{E1C94047-AD96-4362-9650-C6FB95684402}.Release|ARM.Deploy.0 = Release|Any CPU
		{E1C94047-AD96-4362-9650-C6FB95684402}.Release|iPhone.ActiveCfg = Release|Any CPU
		{E1C94047-AD96-4362-9650-C6FB95684402}.Release|iPhone.Build.0 = Release|Any CPU
		{E1C94047-AD96-4362-9650-C6FB95684402}.Release|iPhone.Deploy.0 = Release|Any CPU
		{E1C94047-AD96-4362-9650-C6FB95684402}.Release|iPhoneSimulator.ActiveCfg = Release|Any CPU
		{E1C94047-AD96-4362-9650-C6FB95684402}.Release|iPhoneSimulator.Build.0 = Release|Any CPU
		{E1C94047-AD96-4362-9650-C6FB95684402}.Release|iPhoneSimulator.Deploy.0 = Release|Any CPU
		{E1C94047-AD96-4362-9650-C6FB95684402}.Release|x64.ActiveCfg = Release|Any CPU
		{E1C94047-AD96-4362-9650-C6FB95684402}.Release|x64.Build.0 = Release|Any CPU
		{E1C94047-AD96-4362-9650-C6FB95684402}.Release|x64.Deploy.0 = Release|Any CPU
		{E1C94047-AD96-4362-9650-C6FB95684402}.Release|x86.ActiveCfg = Release|Any CPU
		{E1C94047-AD96-4362-9650-C6FB95684402}.Release|x86.Build.0 = Release|Any CPU
		{E1C94047-AD96-4362-9650-C6FB95684402}.Release|x86.Deploy.0 = Release|Any CPU
		{6584673D-9CE2-45EC-A930-411F8419EFD2}.Ad-Hoc|Any CPU.ActiveCfg = Ad-Hoc|iPhone
		{6584673D-9CE2-45EC-A930-411F8419EFD2}.Ad-Hoc|Any CPU.Build.0 = Ad-Hoc|iPhone
		{6584673D-9CE2-45EC-A930-411F8419EFD2}.Ad-Hoc|Any CPU.Deploy.0 = Ad-Hoc|iPhone
		{6584673D-9CE2-45EC-A930-411F8419EFD2}.Ad-Hoc|ARM.ActiveCfg = Ad-Hoc|iPhone
		{6584673D-9CE2-45EC-A930-411F8419EFD2}.Ad-Hoc|ARM.Build.0 = Ad-Hoc|iPhone
		{6584673D-9CE2-45EC-A930-411F8419EFD2}.Ad-Hoc|ARM.Deploy.0 = Ad-Hoc|iPhone
		{6584673D-9CE2-45EC-A930-411F8419EFD2}.Ad-Hoc|iPhone.ActiveCfg = Ad-Hoc|iPhone
		{6584673D-9CE2-45EC-A930-411F8419EFD2}.Ad-Hoc|iPhone.Build.0 = Ad-Hoc|iPhone
		{6584673D-9CE2-45EC-A930-411F8419EFD2}.Ad-Hoc|iPhone.Deploy.0 = Ad-Hoc|iPhone
		{6584673D-9CE2-45EC-A930-411F8419EFD2}.Ad-Hoc|iPhoneSimulator.ActiveCfg = Ad-Hoc|iPhoneSimulator
		{6584673D-9CE2-45EC-A930-411F8419EFD2}.Ad-Hoc|iPhoneSimulator.Build.0 = Ad-Hoc|iPhoneSimulator
		{6584673D-9CE2-45EC-A930-411F8419EFD2}.Ad-Hoc|iPhoneSimulator.Deploy.0 = Ad-Hoc|iPhoneSimulator
		{6584673D-9CE2-45EC-A930-411F8419EFD2}.Ad-Hoc|x64.ActiveCfg = Ad-Hoc|iPhone
		{6584673D-9CE2-45EC-A930-411F8419EFD2}.Ad-Hoc|x64.Build.0 = Ad-Hoc|iPhone
		{6584673D-9CE2-45EC-A930-411F8419EFD2}.Ad-Hoc|x64.Deploy.0 = Ad-Hoc|iPhone
		{6584673D-9CE2-45EC-A930-411F8419EFD2}.Ad-Hoc|x86.ActiveCfg = Ad-Hoc|iPhone
		{6584673D-9CE2-45EC-A930-411F8419EFD2}.Ad-Hoc|x86.Build.0 = Ad-Hoc|iPhone
		{6584673D-9CE2-45EC-A930-411F8419EFD2}.Ad-Hoc|x86.Deploy.0 = Ad-Hoc|iPhone
		{6584673D-9CE2-45EC-A930-411F8419EFD2}.AppStore|Any CPU.ActiveCfg = AppStore|iPhone
		{6584673D-9CE2-45EC-A930-411F8419EFD2}.AppStore|Any CPU.Build.0 = AppStore|iPhone
		{6584673D-9CE2-45EC-A930-411F8419EFD2}.AppStore|Any CPU.Deploy.0 = AppStore|iPhone
		{6584673D-9CE2-45EC-A930-411F8419EFD2}.AppStore|ARM.ActiveCfg = AppStore|iPhone
		{6584673D-9CE2-45EC-A930-411F8419EFD2}.AppStore|ARM.Build.0 = AppStore|iPhone
		{6584673D-9CE2-45EC-A930-411F8419EFD2}.AppStore|ARM.Deploy.0 = AppStore|iPhone
		{6584673D-9CE2-45EC-A930-411F8419EFD2}.AppStore|iPhone.ActiveCfg = AppStore|iPhone
		{6584673D-9CE2-45EC-A930-411F8419EFD2}.AppStore|iPhone.Build.0 = AppStore|iPhone
		{6584673D-9CE2-45EC-A930-411F8419EFD2}.AppStore|iPhone.Deploy.0 = AppStore|iPhone
		{6584673D-9CE2-45EC-A930-411F8419EFD2}.AppStore|iPhoneSimulator.ActiveCfg = AppStore|iPhoneSimulator
		{6584673D-9CE2-45EC-A930-411F8419EFD2}.AppStore|iPhoneSimulator.Build.0 = AppStore|iPhoneSimulator
		{6584673D-9CE2-45EC-A930-411F8419EFD2}.AppStore|iPhoneSimulator.Deploy.0 = AppStore|iPhoneSimulator
		{6584673D-9CE2-45EC-A930-411F8419EFD2}.AppStore|x64.ActiveCfg = AppStore|iPhone
		{6584673D-9CE2-45EC-A930-411F8419EFD2}.AppStore|x64.Build.0 = AppStore|iPhone
		{6584673D-9CE2-45EC-A930-411F8419EFD2}.AppStore|x64.Deploy.0 = AppStore|iPhone
		{6584673D-9CE2-45EC-A930-411F8419EFD2}.AppStore|x86.ActiveCfg = AppStore|iPhone
		{6584673D-9CE2-45EC-A930-411F8419EFD2}.AppStore|x86.Build.0 = AppStore|iPhone
		{6584673D-9CE2-45EC-A930-411F8419EFD2}.AppStore|x86.Deploy.0 = AppStore|iPhone
		{6584673D-9CE2-45EC-A930-411F8419EFD2}.Debug|Any CPU.ActiveCfg = Debug|iPhoneSimulator
		{6584673D-9CE2-45EC-A930-411F8419EFD2}.Debug|Any CPU.Build.0 = Debug|iPhoneSimulator
		{6584673D-9CE2-45EC-A930-411F8419EFD2}.Debug|Any CPU.Deploy.0 = Debug|iPhoneSimulator
		{6584673D-9CE2-45EC-A930-411F8419EFD2}.Debug|ARM.ActiveCfg = Debug|iPhone
		{6584673D-9CE2-45EC-A930-411F8419EFD2}.Debug|ARM.Build.0 = Debug|iPhone
		{6584673D-9CE2-45EC-A930-411F8419EFD2}.Debug|ARM.Deploy.0 = Debug|iPhone
		{6584673D-9CE2-45EC-A930-411F8419EFD2}.Debug|iPhone.ActiveCfg = Debug|iPhone
		{6584673D-9CE2-45EC-A930-411F8419EFD2}.Debug|iPhone.Build.0 = Debug|iPhone
		{6584673D-9CE2-45EC-A930-411F8419EFD2}.Debug|iPhone.Deploy.0 = Debug|iPhone
		{6584673D-9CE2-45EC-A930-411F8419EFD2}.Debug|iPhoneSimulator.ActiveCfg = Debug|iPhoneSimulator
		{6584673D-9CE2-45EC-A930-411F8419EFD2}.Debug|iPhoneSimulator.Build.0 = Debug|iPhoneSimulator
		{6584673D-9CE2-45EC-A930-411F8419EFD2}.Debug|iPhoneSimulator.Deploy.0 = Debug|iPhoneSimulator
		{6584673D-9CE2-45EC-A930-411F8419EFD2}.Debug|x64.ActiveCfg = Debug|iPhone
		{6584673D-9CE2-45EC-A930-411F8419EFD2}.Debug|x64.Build.0 = Debug|iPhone
		{6584673D-9CE2-45EC-A930-411F8419EFD2}.Debug|x64.Deploy.0 = Debug|iPhone
		{6584673D-9CE2-45EC-A930-411F8419EFD2}.Debug|x86.ActiveCfg = Debug|iPhone
		{6584673D-9CE2-45EC-A930-411F8419EFD2}.Debug|x86.Build.0 = Debug|iPhone
		{6584673D-9CE2-45EC-A930-411F8419EFD2}.Debug|x86.Deploy.0 = Debug|iPhone
		{6584673D-9CE2-45EC-A930-411F8419EFD2}.Release|Any CPU.ActiveCfg = Release|iPhone
		{6584673D-9CE2-45EC-A930-411F8419EFD2}.Release|Any CPU.Build.0 = Release|iPhone
		{6584673D-9CE2-45EC-A930-411F8419EFD2}.Release|Any CPU.Deploy.0 = Release|iPhone
		{6584673D-9CE2-45EC-A930-411F8419EFD2}.Release|ARM.ActiveCfg = Release|iPhone
		{6584673D-9CE2-45EC-A930-411F8419EFD2}.Release|ARM.Build.0 = Release|iPhone
		{6584673D-9CE2-45EC-A930-411F8419EFD2}.Release|ARM.Deploy.0 = Release|iPhone
		{6584673D-9CE2-45EC-A930-411F8419EFD2}.Release|iPhone.ActiveCfg = Release|iPhone
		{6584673D-9CE2-45EC-A930-411F8419EFD2}.Release|iPhone.Build.0 = Release|iPhone
		{6584673D-9CE2-45EC-A930-411F8419EFD2}.Release|iPhone.Deploy.0 = Release|iPhone
		{6584673D-9CE2-45EC-A930-411F8419EFD2}.Release|iPhoneSimulator.ActiveCfg = Release|iPhoneSimulator
		{6584673D-9CE2-45EC-A930-411F8419EFD2}.Release|iPhoneSimulator.Build.0 = Release|iPhoneSimulator
		{6584673D-9CE2-45EC-A930-411F8419EFD2}.Release|iPhoneSimulator.Deploy.0 = Release|iPhoneSimulator
		{6584673D-9CE2-45EC-A930-411F8419EFD2}.Release|x64.ActiveCfg = Release|iPhone
		{6584673D-9CE2-45EC-A930-411F8419EFD2}.Release|x64.Build.0 = Release|iPhone
		{6584673D-9CE2-45EC-A930-411F8419EFD2}.Release|x64.Deploy.0 = Release|iPhone
		{6584673D-9CE2-45EC-A930-411F8419EFD2}.Release|x86.ActiveCfg = Release|iPhone
		{6584673D-9CE2-45EC-A930-411F8419EFD2}.Release|x86.Build.0 = Release|iPhone
		{6584673D-9CE2-45EC-A930-411F8419EFD2}.Release|x86.Deploy.0 = Release|iPhone
		{F390E109-1B69-466C-AEC3-CBB7CDA3556A}.Ad-Hoc|Any CPU.ActiveCfg = Debug|Any CPU
		{F390E109-1B69-466C-AEC3-CBB7CDA3556A}.Ad-Hoc|Any CPU.Build.0 = Debug|Any CPU
		{F390E109-1B69-466C-AEC3-CBB7CDA3556A}.Ad-Hoc|Any CPU.Deploy.0 = Debug|Any CPU
		{F390E109-1B69-466C-AEC3-CBB7CDA3556A}.Ad-Hoc|ARM.ActiveCfg = Debug|Any CPU
		{F390E109-1B69-466C-AEC3-CBB7CDA3556A}.Ad-Hoc|ARM.Build.0 = Debug|Any CPU
		{F390E109-1B69-466C-AEC3-CBB7CDA3556A}.Ad-Hoc|ARM.Deploy.0 = Debug|Any CPU
		{F390E109-1B69-466C-AEC3-CBB7CDA3556A}.Ad-Hoc|iPhone.ActiveCfg = Debug|Any CPU
		{F390E109-1B69-466C-AEC3-CBB7CDA3556A}.Ad-Hoc|iPhone.Build.0 = Debug|Any CPU
		{F390E109-1B69-466C-AEC3-CBB7CDA3556A}.Ad-Hoc|iPhone.Deploy.0 = Debug|Any CPU
		{F390E109-1B69-466C-AEC3-CBB7CDA3556A}.Ad-Hoc|iPhoneSimulator.ActiveCfg = Debug|Any CPU
		{F390E109-1B69-466C-AEC3-CBB7CDA3556A}.Ad-Hoc|iPhoneSimulator.Build.0 = Debug|Any CPU
		{F390E109-1B69-466C-AEC3-CBB7CDA3556A}.Ad-Hoc|iPhoneSimulator.Deploy.0 = Debug|Any CPU
		{F390E109-1B69-466C-AEC3-CBB7CDA3556A}.Ad-Hoc|x64.ActiveCfg = Debug|Any CPU
		{F390E109-1B69-466C-AEC3-CBB7CDA3556A}.Ad-Hoc|x64.Build.0 = Debug|Any CPU
		{F390E109-1B69-466C-AEC3-CBB7CDA3556A}.Ad-Hoc|x64.Deploy.0 = Debug|Any CPU
		{F390E109-1B69-466C-AEC3-CBB7CDA3556A}.Ad-Hoc|x86.ActiveCfg = Debug|Any CPU
		{F390E109-1B69-466C-AEC3-CBB7CDA3556A}.Ad-Hoc|x86.Build.0 = Debug|Any CPU
		{F390E109-1B69-466C-AEC3-CBB7CDA3556A}.Ad-Hoc|x86.Deploy.0 = Debug|Any CPU
		{F390E109-1B69-466C-AEC3-CBB7CDA3556A}.AppStore|Any CPU.ActiveCfg = Debug|Any CPU
		{F390E109-1B69-466C-AEC3-CBB7CDA3556A}.AppStore|Any CPU.Build.0 = Debug|Any CPU
		{F390E109-1B69-466C-AEC3-CBB7CDA3556A}.AppStore|Any CPU.Deploy.0 = Debug|Any CPU
		{F390E109-1B69-466C-AEC3-CBB7CDA3556A}.AppStore|ARM.ActiveCfg = Debug|Any CPU
		{F390E109-1B69-466C-AEC3-CBB7CDA3556A}.AppStore|ARM.Build.0 = Debug|Any CPU
		{F390E109-1B69-466C-AEC3-CBB7CDA3556A}.AppStore|ARM.Deploy.0 = Debug|Any CPU
		{F390E109-1B69-466C-AEC3-CBB7CDA3556A}.AppStore|iPhone.ActiveCfg = Debug|Any CPU
		{F390E109-1B69-466C-AEC3-CBB7CDA3556A}.AppStore|iPhone.Build.0 = Debug|Any CPU
		{F390E109-1B69-466C-AEC3-CBB7CDA3556A}.AppStore|iPhone.Deploy.0 = Debug|Any CPU
		{F390E109-1B69-466C-AEC3-CBB7CDA3556A}.AppStore|iPhoneSimulator.ActiveCfg = Debug|Any CPU
		{F390E109-1B69-466C-AEC3-CBB7CDA3556A}.AppStore|iPhoneSimulator.Build.0 = Debug|Any CPU
		{F390E109-1B69-466C-AEC3-CBB7CDA3556A}.AppStore|iPhoneSimulator.Deploy.0 = Debug|Any CPU
		{F390E109-1B69-466C-AEC3-CBB7CDA3556A}.AppStore|x64.ActiveCfg = Debug|Any CPU
		{F390E109-1B69-466C-AEC3-CBB7CDA3556A}.AppStore|x64.Build.0 = Debug|Any CPU
		{F390E109-1B69-466C-AEC3-CBB7CDA3556A}.AppStore|x64.Deploy.0 = Debug|Any CPU
		{F390E109-1B69-466C-AEC3-CBB7CDA3556A}.AppStore|x86.ActiveCfg = Debug|Any CPU
		{F390E109-1B69-466C-AEC3-CBB7CDA3556A}.AppStore|x86.Build.0 = Debug|Any CPU
		{F390E109-1B69-466C-AEC3-CBB7CDA3556A}.AppStore|x86.Deploy.0 = Debug|Any CPU
		{F390E109-1B69-466C-AEC3-CBB7CDA3556A}.Debug|Any CPU.ActiveCfg = Debug|Any CPU
		{F390E109-1B69-466C-AEC3-CBB7CDA3556A}.Debug|Any CPU.Build.0 = Debug|Any CPU
		{F390E109-1B69-466C-AEC3-CBB7CDA3556A}.Debug|Any CPU.Deploy.0 = Debug|Any CPU
		{F390E109-1B69-466C-AEC3-CBB7CDA3556A}.Debug|ARM.ActiveCfg = Debug|Any CPU
		{F390E109-1B69-466C-AEC3-CBB7CDA3556A}.Debug|ARM.Build.0 = Debug|Any CPU
		{F390E109-1B69-466C-AEC3-CBB7CDA3556A}.Debug|ARM.Deploy.0 = Debug|Any CPU
		{F390E109-1B69-466C-AEC3-CBB7CDA3556A}.Debug|iPhone.ActiveCfg = Debug|Any CPU
		{F390E109-1B69-466C-AEC3-CBB7CDA3556A}.Debug|iPhone.Build.0 = Debug|Any CPU
		{F390E109-1B69-466C-AEC3-CBB7CDA3556A}.Debug|iPhone.Deploy.0 = Debug|Any CPU
		{F390E109-1B69-466C-AEC3-CBB7CDA3556A}.Debug|iPhoneSimulator.ActiveCfg = Debug|Any CPU
		{F390E109-1B69-466C-AEC3-CBB7CDA3556A}.Debug|iPhoneSimulator.Build.0 = Debug|Any CPU
		{F390E109-1B69-466C-AEC3-CBB7CDA3556A}.Debug|iPhoneSimulator.Deploy.0 = Debug|Any CPU
		{F390E109-1B69-466C-AEC3-CBB7CDA3556A}.Debug|x64.ActiveCfg = Debug|Any CPU
		{F390E109-1B69-466C-AEC3-CBB7CDA3556A}.Debug|x64.Build.0 = Debug|Any CPU
		{F390E109-1B69-466C-AEC3-CBB7CDA3556A}.Debug|x64.Deploy.0 = Debug|Any CPU
		{F390E109-1B69-466C-AEC3-CBB7CDA3556A}.Debug|x86.ActiveCfg = Debug|Any CPU
		{F390E109-1B69-466C-AEC3-CBB7CDA3556A}.Debug|x86.Build.0 = Debug|Any CPU
		{F390E109-1B69-466C-AEC3-CBB7CDA3556A}.Debug|x86.Deploy.0 = Debug|Any CPU
		{F390E109-1B69-466C-AEC3-CBB7CDA3556A}.Release|Any CPU.ActiveCfg = Release|Any CPU
		{F390E109-1B69-466C-AEC3-CBB7CDA3556A}.Release|Any CPU.Build.0 = Release|Any CPU
		{F390E109-1B69-466C-AEC3-CBB7CDA3556A}.Release|Any CPU.Deploy.0 = Release|Any CPU
		{F390E109-1B69-466C-AEC3-CBB7CDA3556A}.Release|ARM.ActiveCfg = Release|Any CPU
		{F390E109-1B69-466C-AEC3-CBB7CDA3556A}.Release|ARM.Build.0 = Release|Any CPU
		{F390E109-1B69-466C-AEC3-CBB7CDA3556A}.Release|ARM.Deploy.0 = Release|Any CPU
		{F390E109-1B69-466C-AEC3-CBB7CDA3556A}.Release|iPhone.ActiveCfg = Release|Any CPU
		{F390E109-1B69-466C-AEC3-CBB7CDA3556A}.Release|iPhone.Build.0 = Release|Any CPU
		{F390E109-1B69-466C-AEC3-CBB7CDA3556A}.Release|iPhone.Deploy.0 = Release|Any CPU
		{F390E109-1B69-466C-AEC3-CBB7CDA3556A}.Release|iPhoneSimulator.ActiveCfg = Release|Any CPU
		{F390E109-1B69-466C-AEC3-CBB7CDA3556A}.Release|iPhoneSimulator.Build.0 = Release|Any CPU
		{F390E109-1B69-466C-AEC3-CBB7CDA3556A}.Release|iPhoneSimulator.Deploy.0 = Release|Any CPU
		{F390E109-1B69-466C-AEC3-CBB7CDA3556A}.Release|x64.ActiveCfg = Release|Any CPU
		{F390E109-1B69-466C-AEC3-CBB7CDA3556A}.Release|x64.Build.0 = Release|Any CPU
		{F390E109-1B69-466C-AEC3-CBB7CDA3556A}.Release|x64.Deploy.0 = Release|Any CPU
		{F390E109-1B69-466C-AEC3-CBB7CDA3556A}.Release|x86.ActiveCfg = Release|Any CPU
		{F390E109-1B69-466C-AEC3-CBB7CDA3556A}.Release|x86.Build.0 = Release|Any CPU
		{F390E109-1B69-466C-AEC3-CBB7CDA3556A}.Release|x86.Deploy.0 = Release|Any CPU
		{36163FB4-1281-47F8-9F56-4E9CE07CF500}.Ad-Hoc|Any CPU.ActiveCfg = Release|Any CPU
		{36163FB4-1281-47F8-9F56-4E9CE07CF500}.Ad-Hoc|Any CPU.Build.0 = Release|Any CPU
		{36163FB4-1281-47F8-9F56-4E9CE07CF500}.Ad-Hoc|ARM.ActiveCfg = Release|Any CPU
		{36163FB4-1281-47F8-9F56-4E9CE07CF500}.Ad-Hoc|ARM.Build.0 = Release|Any CPU
		{36163FB4-1281-47F8-9F56-4E9CE07CF500}.Ad-Hoc|iPhone.ActiveCfg = Release|Any CPU
		{36163FB4-1281-47F8-9F56-4E9CE07CF500}.Ad-Hoc|iPhone.Build.0 = Release|Any CPU
		{36163FB4-1281-47F8-9F56-4E9CE07CF500}.Ad-Hoc|iPhoneSimulator.ActiveCfg = Release|Any CPU
		{36163FB4-1281-47F8-9F56-4E9CE07CF500}.Ad-Hoc|iPhoneSimulator.Build.0 = Release|Any CPU
		{36163FB4-1281-47F8-9F56-4E9CE07CF500}.Ad-Hoc|x64.ActiveCfg = Release|Any CPU
		{36163FB4-1281-47F8-9F56-4E9CE07CF500}.Ad-Hoc|x64.Build.0 = Release|Any CPU
		{36163FB4-1281-47F8-9F56-4E9CE07CF500}.Ad-Hoc|x86.ActiveCfg = Release|Any CPU
		{36163FB4-1281-47F8-9F56-4E9CE07CF500}.Ad-Hoc|x86.Build.0 = Release|Any CPU
		{36163FB4-1281-47F8-9F56-4E9CE07CF500}.AppStore|Any CPU.ActiveCfg = Release|Any CPU
		{36163FB4-1281-47F8-9F56-4E9CE07CF500}.AppStore|Any CPU.Build.0 = Release|Any CPU
		{36163FB4-1281-47F8-9F56-4E9CE07CF500}.AppStore|ARM.ActiveCfg = Release|Any CPU
		{36163FB4-1281-47F8-9F56-4E9CE07CF500}.AppStore|ARM.Build.0 = Release|Any CPU
		{36163FB4-1281-47F8-9F56-4E9CE07CF500}.AppStore|iPhone.ActiveCfg = Release|Any CPU
		{36163FB4-1281-47F8-9F56-4E9CE07CF500}.AppStore|iPhone.Build.0 = Release|Any CPU
		{36163FB4-1281-47F8-9F56-4E9CE07CF500}.AppStore|iPhoneSimulator.ActiveCfg = Release|Any CPU
		{36163FB4-1281-47F8-9F56-4E9CE07CF500}.AppStore|iPhoneSimulator.Build.0 = Release|Any CPU
		{36163FB4-1281-47F8-9F56-4E9CE07CF500}.AppStore|x64.ActiveCfg = Release|Any CPU
		{36163FB4-1281-47F8-9F56-4E9CE07CF500}.AppStore|x64.Build.0 = Release|Any CPU
		{36163FB4-1281-47F8-9F56-4E9CE07CF500}.AppStore|x86.ActiveCfg = Release|Any CPU
		{36163FB4-1281-47F8-9F56-4E9CE07CF500}.AppStore|x86.Build.0 = Release|Any CPU
		{36163FB4-1281-47F8-9F56-4E9CE07CF500}.Debug|Any CPU.ActiveCfg = Debug|Any CPU
		{36163FB4-1281-47F8-9F56-4E9CE07CF500}.Debug|Any CPU.Build.0 = Debug|Any CPU
		{36163FB4-1281-47F8-9F56-4E9CE07CF500}.Debug|ARM.ActiveCfg = Debug|Any CPU
		{36163FB4-1281-47F8-9F56-4E9CE07CF500}.Debug|ARM.Build.0 = Debug|Any CPU
		{36163FB4-1281-47F8-9F56-4E9CE07CF500}.Debug|iPhone.ActiveCfg = Debug|Any CPU
		{36163FB4-1281-47F8-9F56-4E9CE07CF500}.Debug|iPhone.Build.0 = Debug|Any CPU
		{36163FB4-1281-47F8-9F56-4E9CE07CF500}.Debug|iPhoneSimulator.ActiveCfg = Debug|Any CPU
		{36163FB4-1281-47F8-9F56-4E9CE07CF500}.Debug|iPhoneSimulator.Build.0 = Debug|Any CPU
		{36163FB4-1281-47F8-9F56-4E9CE07CF500}.Debug|x64.ActiveCfg = Debug|Any CPU
		{36163FB4-1281-47F8-9F56-4E9CE07CF500}.Debug|x64.Build.0 = Debug|Any CPU
		{36163FB4-1281-47F8-9F56-4E9CE07CF500}.Debug|x86.ActiveCfg = Debug|Any CPU
		{36163FB4-1281-47F8-9F56-4E9CE07CF500}.Debug|x86.Build.0 = Debug|Any CPU
		{36163FB4-1281-47F8-9F56-4E9CE07CF500}.Release|Any CPU.ActiveCfg = Release|Any CPU
		{36163FB4-1281-47F8-9F56-4E9CE07CF500}.Release|Any CPU.Build.0 = Release|Any CPU
		{36163FB4-1281-47F8-9F56-4E9CE07CF500}.Release|ARM.ActiveCfg = Release|Any CPU
		{36163FB4-1281-47F8-9F56-4E9CE07CF500}.Release|ARM.Build.0 = Release|Any CPU
		{36163FB4-1281-47F8-9F56-4E9CE07CF500}.Release|iPhone.ActiveCfg = Release|Any CPU
		{36163FB4-1281-47F8-9F56-4E9CE07CF500}.Release|iPhone.Build.0 = Release|Any CPU
		{36163FB4-1281-47F8-9F56-4E9CE07CF500}.Release|iPhoneSimulator.ActiveCfg = Release|Any CPU
		{36163FB4-1281-47F8-9F56-4E9CE07CF500}.Release|iPhoneSimulator.Build.0 = Release|Any CPU
		{36163FB4-1281-47F8-9F56-4E9CE07CF500}.Release|x64.ActiveCfg = Release|Any CPU
		{36163FB4-1281-47F8-9F56-4E9CE07CF500}.Release|x64.Build.0 = Release|Any CPU
		{36163FB4-1281-47F8-9F56-4E9CE07CF500}.Release|x86.ActiveCfg = Release|Any CPU
		{36163FB4-1281-47F8-9F56-4E9CE07CF500}.Release|x86.Build.0 = Release|Any CPU
		{DF0D4E81-F269-4F17-9DD8-0814EEF2DD9F}.Ad-Hoc|Any CPU.ActiveCfg = Release|Any CPU
		{DF0D4E81-F269-4F17-9DD8-0814EEF2DD9F}.Ad-Hoc|Any CPU.Build.0 = Release|Any CPU
		{DF0D4E81-F269-4F17-9DD8-0814EEF2DD9F}.Ad-Hoc|ARM.ActiveCfg = Release|Any CPU
		{DF0D4E81-F269-4F17-9DD8-0814EEF2DD9F}.Ad-Hoc|ARM.Build.0 = Release|Any CPU
		{DF0D4E81-F269-4F17-9DD8-0814EEF2DD9F}.Ad-Hoc|iPhone.ActiveCfg = Release|Any CPU
		{DF0D4E81-F269-4F17-9DD8-0814EEF2DD9F}.Ad-Hoc|iPhone.Build.0 = Release|Any CPU
		{DF0D4E81-F269-4F17-9DD8-0814EEF2DD9F}.Ad-Hoc|iPhoneSimulator.ActiveCfg = Release|Any CPU
		{DF0D4E81-F269-4F17-9DD8-0814EEF2DD9F}.Ad-Hoc|iPhoneSimulator.Build.0 = Release|Any CPU
		{DF0D4E81-F269-4F17-9DD8-0814EEF2DD9F}.Ad-Hoc|x64.ActiveCfg = Release|Any CPU
		{DF0D4E81-F269-4F17-9DD8-0814EEF2DD9F}.Ad-Hoc|x64.Build.0 = Release|Any CPU
		{DF0D4E81-F269-4F17-9DD8-0814EEF2DD9F}.Ad-Hoc|x86.ActiveCfg = Release|Any CPU
		{DF0D4E81-F269-4F17-9DD8-0814EEF2DD9F}.Ad-Hoc|x86.Build.0 = Release|Any CPU
		{DF0D4E81-F269-4F17-9DD8-0814EEF2DD9F}.AppStore|Any CPU.ActiveCfg = Release|Any CPU
		{DF0D4E81-F269-4F17-9DD8-0814EEF2DD9F}.AppStore|Any CPU.Build.0 = Release|Any CPU
		{DF0D4E81-F269-4F17-9DD8-0814EEF2DD9F}.AppStore|ARM.ActiveCfg = Release|Any CPU
		{DF0D4E81-F269-4F17-9DD8-0814EEF2DD9F}.AppStore|ARM.Build.0 = Release|Any CPU
		{DF0D4E81-F269-4F17-9DD8-0814EEF2DD9F}.AppStore|iPhone.ActiveCfg = Release|Any CPU
		{DF0D4E81-F269-4F17-9DD8-0814EEF2DD9F}.AppStore|iPhone.Build.0 = Release|Any CPU
		{DF0D4E81-F269-4F17-9DD8-0814EEF2DD9F}.AppStore|iPhoneSimulator.ActiveCfg = Release|Any CPU
		{DF0D4E81-F269-4F17-9DD8-0814EEF2DD9F}.AppStore|iPhoneSimulator.Build.0 = Release|Any CPU
		{DF0D4E81-F269-4F17-9DD8-0814EEF2DD9F}.AppStore|x64.ActiveCfg = Release|Any CPU
		{DF0D4E81-F269-4F17-9DD8-0814EEF2DD9F}.AppStore|x64.Build.0 = Release|Any CPU
		{DF0D4E81-F269-4F17-9DD8-0814EEF2DD9F}.AppStore|x86.ActiveCfg = Release|Any CPU
		{DF0D4E81-F269-4F17-9DD8-0814EEF2DD9F}.AppStore|x86.Build.0 = Release|Any CPU
		{DF0D4E81-F269-4F17-9DD8-0814EEF2DD9F}.Debug|Any CPU.ActiveCfg = Debug|Any CPU
		{DF0D4E81-F269-4F17-9DD8-0814EEF2DD9F}.Debug|Any CPU.Build.0 = Debug|Any CPU
		{DF0D4E81-F269-4F17-9DD8-0814EEF2DD9F}.Debug|ARM.ActiveCfg = Debug|Any CPU
		{DF0D4E81-F269-4F17-9DD8-0814EEF2DD9F}.Debug|ARM.Build.0 = Debug|Any CPU
		{DF0D4E81-F269-4F17-9DD8-0814EEF2DD9F}.Debug|iPhone.ActiveCfg = Debug|Any CPU
		{DF0D4E81-F269-4F17-9DD8-0814EEF2DD9F}.Debug|iPhone.Build.0 = Debug|Any CPU
		{DF0D4E81-F269-4F17-9DD8-0814EEF2DD9F}.Debug|iPhoneSimulator.ActiveCfg = Debug|Any CPU
		{DF0D4E81-F269-4F17-9DD8-0814EEF2DD9F}.Debug|iPhoneSimulator.Build.0 = Debug|Any CPU
		{DF0D4E81-F269-4F17-9DD8-0814EEF2DD9F}.Debug|x64.ActiveCfg = Debug|Any CPU
		{DF0D4E81-F269-4F17-9DD8-0814EEF2DD9F}.Debug|x64.Build.0 = Debug|Any CPU
		{DF0D4E81-F269-4F17-9DD8-0814EEF2DD9F}.Debug|x86.ActiveCfg = Debug|Any CPU
		{DF0D4E81-F269-4F17-9DD8-0814EEF2DD9F}.Debug|x86.Build.0 = Debug|Any CPU
		{DF0D4E81-F269-4F17-9DD8-0814EEF2DD9F}.Release|Any CPU.ActiveCfg = Release|Any CPU
		{DF0D4E81-F269-4F17-9DD8-0814EEF2DD9F}.Release|Any CPU.Build.0 = Release|Any CPU
		{DF0D4E81-F269-4F17-9DD8-0814EEF2DD9F}.Release|ARM.ActiveCfg = Release|Any CPU
		{DF0D4E81-F269-4F17-9DD8-0814EEF2DD9F}.Release|ARM.Build.0 = Release|Any CPU
		{DF0D4E81-F269-4F17-9DD8-0814EEF2DD9F}.Release|iPhone.ActiveCfg = Release|Any CPU
		{DF0D4E81-F269-4F17-9DD8-0814EEF2DD9F}.Release|iPhone.Build.0 = Release|Any CPU
		{DF0D4E81-F269-4F17-9DD8-0814EEF2DD9F}.Release|iPhoneSimulator.ActiveCfg = Release|Any CPU
		{DF0D4E81-F269-4F17-9DD8-0814EEF2DD9F}.Release|iPhoneSimulator.Build.0 = Release|Any CPU
		{DF0D4E81-F269-4F17-9DD8-0814EEF2DD9F}.Release|x64.ActiveCfg = Release|Any CPU
		{DF0D4E81-F269-4F17-9DD8-0814EEF2DD9F}.Release|x64.Build.0 = Release|Any CPU
		{DF0D4E81-F269-4F17-9DD8-0814EEF2DD9F}.Release|x86.ActiveCfg = Release|Any CPU
		{DF0D4E81-F269-4F17-9DD8-0814EEF2DD9F}.Release|x86.Build.0 = Release|Any CPU
		{884D4782-9858-4D87-B3C7-2B72065D3FA5}.Ad-Hoc|Any CPU.ActiveCfg = Release|Any CPU
		{884D4782-9858-4D87-B3C7-2B72065D3FA5}.Ad-Hoc|Any CPU.Build.0 = Release|Any CPU
		{884D4782-9858-4D87-B3C7-2B72065D3FA5}.Ad-Hoc|ARM.ActiveCfg = Release|Any CPU
		{884D4782-9858-4D87-B3C7-2B72065D3FA5}.Ad-Hoc|ARM.Build.0 = Release|Any CPU
		{884D4782-9858-4D87-B3C7-2B72065D3FA5}.Ad-Hoc|iPhone.ActiveCfg = Release|Any CPU
		{884D4782-9858-4D87-B3C7-2B72065D3FA5}.Ad-Hoc|iPhone.Build.0 = Release|Any CPU
		{884D4782-9858-4D87-B3C7-2B72065D3FA5}.Ad-Hoc|iPhoneSimulator.ActiveCfg = Release|Any CPU
		{884D4782-9858-4D87-B3C7-2B72065D3FA5}.Ad-Hoc|iPhoneSimulator.Build.0 = Release|Any CPU
		{884D4782-9858-4D87-B3C7-2B72065D3FA5}.Ad-Hoc|x64.ActiveCfg = Release|Any CPU
		{884D4782-9858-4D87-B3C7-2B72065D3FA5}.Ad-Hoc|x64.Build.0 = Release|Any CPU
		{884D4782-9858-4D87-B3C7-2B72065D3FA5}.Ad-Hoc|x86.ActiveCfg = Release|Any CPU
		{884D4782-9858-4D87-B3C7-2B72065D3FA5}.Ad-Hoc|x86.Build.0 = Release|Any CPU
		{884D4782-9858-4D87-B3C7-2B72065D3FA5}.AppStore|Any CPU.ActiveCfg = Release|Any CPU
		{884D4782-9858-4D87-B3C7-2B72065D3FA5}.AppStore|Any CPU.Build.0 = Release|Any CPU
		{884D4782-9858-4D87-B3C7-2B72065D3FA5}.AppStore|ARM.ActiveCfg = Release|Any CPU
		{884D4782-9858-4D87-B3C7-2B72065D3FA5}.AppStore|ARM.Build.0 = Release|Any CPU
		{884D4782-9858-4D87-B3C7-2B72065D3FA5}.AppStore|iPhone.ActiveCfg = Release|Any CPU
		{884D4782-9858-4D87-B3C7-2B72065D3FA5}.AppStore|iPhone.Build.0 = Release|Any CPU
		{884D4782-9858-4D87-B3C7-2B72065D3FA5}.AppStore|iPhoneSimulator.ActiveCfg = Release|Any CPU
		{884D4782-9858-4D87-B3C7-2B72065D3FA5}.AppStore|iPhoneSimulator.Build.0 = Release|Any CPU
		{884D4782-9858-4D87-B3C7-2B72065D3FA5}.AppStore|x64.ActiveCfg = Release|Any CPU
		{884D4782-9858-4D87-B3C7-2B72065D3FA5}.AppStore|x64.Build.0 = Release|Any CPU
		{884D4782-9858-4D87-B3C7-2B72065D3FA5}.AppStore|x86.ActiveCfg = Release|Any CPU
		{884D4782-9858-4D87-B3C7-2B72065D3FA5}.AppStore|x86.Build.0 = Release|Any CPU
		{884D4782-9858-4D87-B3C7-2B72065D3FA5}.Debug|Any CPU.ActiveCfg = Debug|Any CPU
		{884D4782-9858-4D87-B3C7-2B72065D3FA5}.Debug|Any CPU.Build.0 = Debug|Any CPU
		{884D4782-9858-4D87-B3C7-2B72065D3FA5}.Debug|ARM.ActiveCfg = Debug|Any CPU
		{884D4782-9858-4D87-B3C7-2B72065D3FA5}.Debug|ARM.Build.0 = Debug|Any CPU
		{884D4782-9858-4D87-B3C7-2B72065D3FA5}.Debug|iPhone.ActiveCfg = Debug|Any CPU
		{884D4782-9858-4D87-B3C7-2B72065D3FA5}.Debug|iPhone.Build.0 = Debug|Any CPU
		{884D4782-9858-4D87-B3C7-2B72065D3FA5}.Debug|iPhoneSimulator.ActiveCfg = Debug|Any CPU
		{884D4782-9858-4D87-B3C7-2B72065D3FA5}.Debug|iPhoneSimulator.Build.0 = Debug|Any CPU
		{884D4782-9858-4D87-B3C7-2B72065D3FA5}.Debug|x64.ActiveCfg = Debug|Any CPU
		{884D4782-9858-4D87-B3C7-2B72065D3FA5}.Debug|x64.Build.0 = Debug|Any CPU
		{884D4782-9858-4D87-B3C7-2B72065D3FA5}.Debug|x86.ActiveCfg = Debug|Any CPU
		{884D4782-9858-4D87-B3C7-2B72065D3FA5}.Debug|x86.Build.0 = Debug|Any CPU
		{884D4782-9858-4D87-B3C7-2B72065D3FA5}.Release|Any CPU.ActiveCfg = Release|Any CPU
		{884D4782-9858-4D87-B3C7-2B72065D3FA5}.Release|Any CPU.Build.0 = Release|Any CPU
		{884D4782-9858-4D87-B3C7-2B72065D3FA5}.Release|ARM.ActiveCfg = Release|Any CPU
		{884D4782-9858-4D87-B3C7-2B72065D3FA5}.Release|ARM.Build.0 = Release|Any CPU
		{884D4782-9858-4D87-B3C7-2B72065D3FA5}.Release|iPhone.ActiveCfg = Release|Any CPU
		{884D4782-9858-4D87-B3C7-2B72065D3FA5}.Release|iPhone.Build.0 = Release|Any CPU
		{884D4782-9858-4D87-B3C7-2B72065D3FA5}.Release|iPhoneSimulator.ActiveCfg = Release|Any CPU
		{884D4782-9858-4D87-B3C7-2B72065D3FA5}.Release|iPhoneSimulator.Build.0 = Release|Any CPU
		{884D4782-9858-4D87-B3C7-2B72065D3FA5}.Release|x64.ActiveCfg = Release|Any CPU
		{884D4782-9858-4D87-B3C7-2B72065D3FA5}.Release|x64.Build.0 = Release|Any CPU
		{884D4782-9858-4D87-B3C7-2B72065D3FA5}.Release|x86.ActiveCfg = Release|Any CPU
		{884D4782-9858-4D87-B3C7-2B72065D3FA5}.Release|x86.Build.0 = Release|Any CPU
		{9711A14D-A5D5-4D9C-A239-76F4DEB15B80}.Ad-Hoc|Any CPU.ActiveCfg = Release|Any CPU
		{9711A14D-A5D5-4D9C-A239-76F4DEB15B80}.Ad-Hoc|Any CPU.Build.0 = Release|Any CPU
		{9711A14D-A5D5-4D9C-A239-76F4DEB15B80}.Ad-Hoc|ARM.ActiveCfg = Release|Any CPU
		{9711A14D-A5D5-4D9C-A239-76F4DEB15B80}.Ad-Hoc|ARM.Build.0 = Release|Any CPU
		{9711A14D-A5D5-4D9C-A239-76F4DEB15B80}.Ad-Hoc|iPhone.ActiveCfg = Release|Any CPU
		{9711A14D-A5D5-4D9C-A239-76F4DEB15B80}.Ad-Hoc|iPhone.Build.0 = Release|Any CPU
		{9711A14D-A5D5-4D9C-A239-76F4DEB15B80}.Ad-Hoc|iPhoneSimulator.ActiveCfg = Release|Any CPU
		{9711A14D-A5D5-4D9C-A239-76F4DEB15B80}.Ad-Hoc|iPhoneSimulator.Build.0 = Release|Any CPU
		{9711A14D-A5D5-4D9C-A239-76F4DEB15B80}.Ad-Hoc|x64.ActiveCfg = Release|Any CPU
		{9711A14D-A5D5-4D9C-A239-76F4DEB15B80}.Ad-Hoc|x64.Build.0 = Release|Any CPU
		{9711A14D-A5D5-4D9C-A239-76F4DEB15B80}.Ad-Hoc|x86.ActiveCfg = Release|Any CPU
		{9711A14D-A5D5-4D9C-A239-76F4DEB15B80}.Ad-Hoc|x86.Build.0 = Release|Any CPU
		{9711A14D-A5D5-4D9C-A239-76F4DEB15B80}.AppStore|Any CPU.ActiveCfg = Release|Any CPU
		{9711A14D-A5D5-4D9C-A239-76F4DEB15B80}.AppStore|Any CPU.Build.0 = Release|Any CPU
		{9711A14D-A5D5-4D9C-A239-76F4DEB15B80}.AppStore|ARM.ActiveCfg = Release|Any CPU
		{9711A14D-A5D5-4D9C-A239-76F4DEB15B80}.AppStore|ARM.Build.0 = Release|Any CPU
		{9711A14D-A5D5-4D9C-A239-76F4DEB15B80}.AppStore|iPhone.ActiveCfg = Release|Any CPU
		{9711A14D-A5D5-4D9C-A239-76F4DEB15B80}.AppStore|iPhone.Build.0 = Release|Any CPU
		{9711A14D-A5D5-4D9C-A239-76F4DEB15B80}.AppStore|iPhoneSimulator.ActiveCfg = Release|Any CPU
		{9711A14D-A5D5-4D9C-A239-76F4DEB15B80}.AppStore|iPhoneSimulator.Build.0 = Release|Any CPU
		{9711A14D-A5D5-4D9C-A239-76F4DEB15B80}.AppStore|x64.ActiveCfg = Release|Any CPU
		{9711A14D-A5D5-4D9C-A239-76F4DEB15B80}.AppStore|x64.Build.0 = Release|Any CPU
		{9711A14D-A5D5-4D9C-A239-76F4DEB15B80}.AppStore|x86.ActiveCfg = Release|Any CPU
		{9711A14D-A5D5-4D9C-A239-76F4DEB15B80}.AppStore|x86.Build.0 = Release|Any CPU
		{9711A14D-A5D5-4D9C-A239-76F4DEB15B80}.Debug|Any CPU.ActiveCfg = Debug|Any CPU
		{9711A14D-A5D5-4D9C-A239-76F4DEB15B80}.Debug|Any CPU.Build.0 = Debug|Any CPU
		{9711A14D-A5D5-4D9C-A239-76F4DEB15B80}.Debug|ARM.ActiveCfg = Debug|Any CPU
		{9711A14D-A5D5-4D9C-A239-76F4DEB15B80}.Debug|ARM.Build.0 = Debug|Any CPU
		{9711A14D-A5D5-4D9C-A239-76F4DEB15B80}.Debug|iPhone.ActiveCfg = Debug|Any CPU
		{9711A14D-A5D5-4D9C-A239-76F4DEB15B80}.Debug|iPhone.Build.0 = Debug|Any CPU
		{9711A14D-A5D5-4D9C-A239-76F4DEB15B80}.Debug|iPhoneSimulator.ActiveCfg = Debug|Any CPU
		{9711A14D-A5D5-4D9C-A239-76F4DEB15B80}.Debug|iPhoneSimulator.Build.0 = Debug|Any CPU
		{9711A14D-A5D5-4D9C-A239-76F4DEB15B80}.Debug|x64.ActiveCfg = Debug|Any CPU
		{9711A14D-A5D5-4D9C-A239-76F4DEB15B80}.Debug|x64.Build.0 = Debug|Any CPU
		{9711A14D-A5D5-4D9C-A239-76F4DEB15B80}.Debug|x86.ActiveCfg = Debug|Any CPU
		{9711A14D-A5D5-4D9C-A239-76F4DEB15B80}.Debug|x86.Build.0 = Debug|Any CPU
		{9711A14D-A5D5-4D9C-A239-76F4DEB15B80}.Release|Any CPU.ActiveCfg = Release|Any CPU
		{9711A14D-A5D5-4D9C-A239-76F4DEB15B80}.Release|Any CPU.Build.0 = Release|Any CPU
		{9711A14D-A5D5-4D9C-A239-76F4DEB15B80}.Release|ARM.ActiveCfg = Release|Any CPU
		{9711A14D-A5D5-4D9C-A239-76F4DEB15B80}.Release|ARM.Build.0 = Release|Any CPU
		{9711A14D-A5D5-4D9C-A239-76F4DEB15B80}.Release|iPhone.ActiveCfg = Release|Any CPU
		{9711A14D-A5D5-4D9C-A239-76F4DEB15B80}.Release|iPhone.Build.0 = Release|Any CPU
		{9711A14D-A5D5-4D9C-A239-76F4DEB15B80}.Release|iPhoneSimulator.ActiveCfg = Release|Any CPU
		{9711A14D-A5D5-4D9C-A239-76F4DEB15B80}.Release|iPhoneSimulator.Build.0 = Release|Any CPU
		{9711A14D-A5D5-4D9C-A239-76F4DEB15B80}.Release|x64.ActiveCfg = Release|Any CPU
		{9711A14D-A5D5-4D9C-A239-76F4DEB15B80}.Release|x64.Build.0 = Release|Any CPU
		{9711A14D-A5D5-4D9C-A239-76F4DEB15B80}.Release|x86.ActiveCfg = Release|Any CPU
		{9711A14D-A5D5-4D9C-A239-76F4DEB15B80}.Release|x86.Build.0 = Release|Any CPU
	EndGlobalSection
	GlobalSection(SolutionProperties) = preSolution
		HideSolutionNode = FALSE
	EndGlobalSection
	GlobalSection(ExtensibilityGlobals) = postSolution
		RESX_PrefixTranslations = False
		RESX_AutoCreateNewLanguageFiles = True
		RESX_SortFileContentOnSave = True
		SolutionGuid = {D523E330-2FDA-46EB-9A78-B50EE8DFC1A3}
	EndGlobalSection
EndGlobal
